
Microsoft Visual Studio Solution File, Format Version 12.00
# Visual Studio Version 17
VisualStudioVersion = 17.12.35728.132
MinimumVisualStudioVersion = 10.0.40219.1
Project("{FAE04EC0-301F-11D3-BF4B-00C04F79EFBC}") = "HelloGreetingApplication", "HelloGreetingApplication\HelloGreetingApplication.csproj", "{2BB0F49C-3C7F-4CD1-810C-8E12E69AE0E6}"
EndProject
Project("{FAE04EC0-301F-11D3-BF4B-00C04F79EFBC}") = "BusinessLayer", "BusinessLayer\BusinessLayer.csproj", "{EB153825-447D-4EF3-91F5-3FA3600C8D74}"
EndProject
Project("{FAE04EC0-301F-11D3-BF4B-00C04F79EFBC}") = "RepositoryLayer", "RepositoryLayer\RepositoryLayer.csproj", "{038B1D55-628C-4E19-A98A-02640911FC5A}"
EndProject
Project("{FAE04EC0-301F-11D3-BF4B-00C04F79EFBC}") = "ModelLayer", "ModelLayer\ModelLayer.csproj", "{859DEC82-81C8-499A-A977-D42238E42E13}"
EndProject
Project("{FAE04EC0-301F-11D3-BF4B-00C04F79EFBC}") = "Middleware", "Middleware\Middleware.csproj", "{B617F36E-7F30-4FA4-8C10-E67B0588915B}"
EndProject
Global
	GlobalSection(SolutionConfigurationPlatforms) = preSolution
		Debug|Any CPU = Debug|Any CPU
		Release|Any CPU = Release|Any CPU
	EndGlobalSection
	GlobalSection(ProjectConfigurationPlatforms) = postSolution
		{2BB0F49C-3C7F-4CD1-810C-8E12E69AE0E6}.Debug|Any CPU.ActiveCfg = Debug|Any CPU
		{2BB0F49C-3C7F-4CD1-810C-8E12E69AE0E6}.Debug|Any CPU.Build.0 = Debug|Any CPU
		{2BB0F49C-3C7F-4CD1-810C-8E12E69AE0E6}.Release|Any CPU.ActiveCfg = Release|Any CPU
		{2BB0F49C-3C7F-4CD1-810C-8E12E69AE0E6}.Release|Any CPU.Build.0 = Release|Any CPU
		{EB153825-447D-4EF3-91F5-3FA3600C8D74}.Debug|Any CPU.ActiveCfg = Debug|Any CPU
		{EB153825-447D-4EF3-91F5-3FA3600C8D74}.Debug|Any CPU.Build.0 = Debug|Any CPU
		{EB153825-447D-4EF3-91F5-3FA3600C8D74}.Release|Any CPU.ActiveCfg = Release|Any CPU
		{EB153825-447D-4EF3-91F5-3FA3600C8D74}.Release|Any CPU.Build.0 = Release|Any CPU
		{038B1D55-628C-4E19-A98A-02640911FC5A}.Debug|Any CPU.ActiveCfg = Debug|Any CPU
		{038B1D55-628C-4E19-A98A-02640911FC5A}.Debug|Any CPU.Build.0 = Debug|Any CPU
		{038B1D55-628C-4E19-A98A-02640911FC5A}.Release|Any CPU.ActiveCfg = Release|Any CPU
		{038B1D55-628C-4E19-A98A-02640911FC5A}.Release|Any CPU.Build.0 = Release|Any CPU
		{859DEC82-81C8-499A-A977-D42238E42E13}.Debug|Any CPU.ActiveCfg = Debug|Any CPU
		{859DEC82-81C8-499A-A977-D42238E42E13}.Debug|Any CPU.Build.0 = Debug|Any CPU
		{859DEC82-81C8-499A-A977-D42238E42E13}.Release|Any CPU.ActiveCfg = Release|Any CPU
		{859DEC82-81C8-499A-A977-D42238E42E13}.Release|Any CPU.Build.0 = Release|Any CPU
		{B617F36E-7F30-4FA4-8C10-E67B0588915B}.Debug|Any CPU.ActiveCfg = Debug|Any CPU
		{B617F36E-7F30-4FA4-8C10-E67B0588915B}.Debug|Any CPU.Build.0 = Debug|Any CPU
		{B617F36E-7F30-4FA4-8C10-E67B0588915B}.Release|Any CPU.ActiveCfg = Release|Any CPU
		{B617F36E-7F30-4FA4-8C10-E67B0588915B}.Release|Any CPU.Build.0 = Release|Any CPU
	EndGlobalSection
	GlobalSection(SolutionProperties) = preSolution
		HideSolutionNode = FALSE
	EndGlobalSection
EndGlobal
